// !$*UTF8*$!
{
	archiveVersion = 1;
	classes = {
	};
	objectVersion = 50;
	objects = {

/* Begin PBXBuildFile section */
		EF1C9BD0046F39060DAB8C87 /* libPods-ServalMarkdownDemo.a in Frameworks */ = {isa = PBXBuildFile; fileRef = EF192C5F7091C539DE5FC06F /* libPods-ServalMarkdownDemo.a */; };
		A1B2C3D4E5F60718293A4B5C /* AppDelegate.m in Sources */ = {isa = PBXBuildFile; fileRef = B1B2C3D4E5F60718293A4B5D /* AppDelegate.m */; };
		A1B2C3D4E5F60718293A4B5D /* SceneDelegate.m in Sources */ = {isa = PBXBuildFile; fileRef = B1B2C3D4E5F60718293A4B5F /* SceneDelegate.m */; };
		A1B2C3D4E5F60718293A4B5E /* ViewController.m in Sources */ = {isa = PBXBuildFile; fileRef = B1B2C3D4E5F60718293A4B61 /* ViewController.m */; };
		A1B2C3D4E5F60718293A4B5F /* main.m in Sources */ = {isa = PBXBuildFile; fileRef = B1B2C3D4E5F60718293A4B62 /* main.m */; };
		A1B2C3D4E5F60718293A4B60 /* Assets.xcassets in Resources */ = {isa = PBXBuildFile; fileRef = B1B2C3D4E5F60718293A4B64 /* Assets.xcassets */; };
		A1B2C3D4E5F60718293A4B61 /* Main.storyboard in Resources */ = {isa = PBXBuildFile; fileRef = B1B2C3D4E5F60718293A4B65 /* Main.storyboard */; };
		A1B2C3D4E5F60718293A4B62 /* LaunchScreen.storyboard in Resources */ = {isa = PBXBuildFile; fileRef = B1B2C3D4E5F60718293A4B66 /* LaunchScreen.storyboard */; };
/* End PBXBuildFile section */

/* Begin PBXFileReference section */
		00244759583EA5EBBA34A866 /* Pods-ServalMarkdownDemo.release.xcconfig */ = {isa = PBXFileReference; includeInIndex = 1; lastKnownFileType = text.xcconfig; name = "Pods-ServalMarkdownDemo.release.xcconfig"; path = "Target Support Files/Pods-ServalMarkdownDemo/Pods-ServalMarkdownDemo.release.xcconfig"; sourceTree = "<group>"; };
		27A62FB2B67D4016766C881D /* Pods-ServalMarkdownDemo.debug.xcconfig */ = {isa = PBXFileReference; includeInIndex = 1; lastKnownFileType = text.xcconfig; name = "Pods-ServalMarkdownDemo.debug.xcconfig"; path = "Target Support Files/Pods-ServalMarkdownDemo/Pods-ServalMarkdownDemo.debug.xcconfig"; sourceTree = "<group>"; };
		2B745D292EFABCE800F32822 /* ServalMarkdownDemo.app */ = {isa = PBXFileReference; explicitFileType = wrapper.application; includeInIndex = 0; path = ServalMarkdownDemo.app; sourceTree = BUILT_PRODUCTS_DIR; };
		B1B2C3D4E5F60718293A4B5C /* AppDelegate.h */ = {isa = PBXFileReference; fileEncoding = 4; lastKnownFileType = sourcecode.c.h; path = AppDelegate.h; sourceTree = "<group>"; };
		B1B2C3D4E5F60718293A4B5D /* AppDelegate.m */ = {isa = PBXFileReference; fileEncoding = 4; lastKnownFileType = sourcecode.c.objc; path = AppDelegate.m; sourceTree = "<group>"; };
		B1B2C3D4E5F60718293A4B5E /* SceneDelegate.h */ = {isa = PBXFileReference; fileEncoding = 4; lastKnownFileType = sourcecode.c.h; path = SceneDelegate.h; sourceTree = "<group>"; };
		B1B2C3D4E5F60718293A4B5F /* SceneDelegate.m */ = {isa = PBXFileReference; fileEncoding = 4; lastKnownFileType = sourcecode.c.objc; path = SceneDelegate.m; sourceTree = "<group>"; };
		B1B2C3D4E5F60718293A4B60 /* ViewController.h */ = {isa = PBXFileReference; fileEncoding = 4; lastKnownFileType = sourcecode.c.h; path = ViewController.h; sourceTree = "<group>"; };
		B1B2C3D4E5F60718293A4B61 /* ViewController.m */ = {isa = PBXFileReference; fileEncoding = 4; lastKnownFileType = sourcecode.c.objc; path = ViewController.m; sourceTree = "<group>"; };
		B1B2C3D4E5F60718293A4B62 /* main.m */ = {isa = PBXFileReference; fileEncoding = 4; lastKnownFileType = sourcecode.c.objc; path = main.m; sourceTree = "<group>"; };
		B1B2C3D4E5F60718293A4B63 /* Info.plist */ = {isa = PBXFileReference; lastKnownFileType = text.plist.xml; path = Info.plist; sourceTree = "<group>"; };
		B1B2C3D4E5F60718293A4B64 /* Assets.xcassets */ = {isa = PBXFileReference; lastKnownFileType = folder.assetcatalog; path = Assets.xcassets; sourceTree = "<group>"; };
		B1B2C3D4E5F60718293A4B65 /* Main.storyboard */ = {isa = PBXFileReference; lastKnownFileType = file.storyboard; name = Main.storyboard; path = Base.lproj/Main.storyboard; sourceTree = "<group>"; };
		B1B2C3D4E5F60718293A4B66 /* LaunchScreen.storyboard */ = {isa = PBXFileReference; lastKnownFileType = file.storyboard; name = LaunchScreen.storyboard; path = Base.lproj/LaunchScreen.storyboard; sourceTree = "<group>"; };
		EF192C5F7091C539DE5FC06F /* libPods-ServalMarkdownDemo.a */ = {isa = PBXFileReference; explicitFileType = archive.ar; includeInIndex = 0; path = "libPods-ServalMarkdownDemo.a"; sourceTree = BUILT_PRODUCTS_DIR; };
/* End PBXFileReference section */

/* Begin PBXFrameworksBuildPhase section */
		2B745D262EFABCE800F32822 /* Frameworks */ = {
			isa = PBXFrameworksBuildPhase;
			buildActionMask = 2147483647;
			files = (
				EF1C9BD0046F39060DAB8C87 /* libPods-ServalMarkdownDemo.a in Frameworks */,
			);
			runOnlyForDeploymentPostprocessing = 0;
		};
/* End PBXFrameworksBuildPhase section */

/* Begin PBXGroup section */
		2B745D202EFABCE800F32822 = {
			isa = PBXGroup;
			children = (
				C1B2C3D4E5F60718293A4B5C /* ServalMarkdownDemo */,
				2B745D2A2EFABCE800F32822 /* Products */,
				E0EF0822FD161E5C478C96C7 /* Pods */,
				3B3FEAA3B0CE1D1BCB7C90F0 /* Frameworks */,
			);
			sourceTree = "<group>";
		};
		C1B2C3D4E5F60718293A4B5C /* ServalMarkdownDemo */ = {
			isa = PBXGroup;
			children = (
				B1B2C3D4E5F60718293A4B64 /* Assets.xcassets */,
				B1B2C3D4E5F60718293A4B65 /* Main.storyboard */,
				B1B2C3D4E5F60718293A4B66 /* LaunchScreen.storyboard */,
				B1B2C3D4E5F60718293A4B5C /* AppDelegate.h */,
				B1B2C3D4E5F60718293A4B5D /* AppDelegate.m */,
				B1B2C3D4E5F60718293A4B5E /* SceneDelegate.h */,
				B1B2C3D4E5F60718293A4B5F /* SceneDelegate.m */,
				B1B2C3D4E5F60718293A4B60 /* ViewController.h */,
				B1B2C3D4E5F60718293A4B61 /* ViewController.m */,
				B1B2C3D4E5F60718293A4B62 /* main.m */,
				B1B2C3D4E5F60718293A4B63 /* Info.plist */,
			);
			path = ServalMarkdownDemo;
			sourceTree = "<group>";
		};
		2B745D2A2EFABCE800F32822 /* Products */ = {
			isa = PBXGroup;
			children = (
				2B745D292EFABCE800F32822 /* ServalMarkdownDemo.app */,
			);
			name = Products;
			sourceTree = "<group>";
		};
		3B3FEAA3B0CE1D1BCB7C90F0 /* Frameworks */ = {
			isa = PBXGroup;
			children = (
				EF192C5F7091C539DE5FC06F /* libPods-ServalMarkdownDemo.a */,
			);
			name = Frameworks;
			sourceTree = "<group>";
		};
		E0EF0822FD161E5C478C96C7 /* Pods */ = {
			isa = PBXGroup;
			children = (
				27A62FB2B67D4016766C881D /* Pods-ServalMarkdownDemo.debug.xcconfig */,
				00244759583EA5EBBA34A866 /* Pods-ServalMarkdownDemo.release.xcconfig */,
			);
			path = Pods;
			sourceTree = "<group>";
		};
/* End PBXGroup section */

/* Begin PBXNativeTarget section */
		2B745D282EFABCE800F32822 /* ServalMarkdownDemo */ = {
			isa = PBXNativeTarget;
			buildConfigurationList = 2B745D412EFABCEA00F32822 /* Build configuration list for PBXNativeTarget "ServalMarkdownDemo" */;
			buildPhases = (
				85907A21EB26C91137D86047 /* [CP] Check Pods Manifest.lock */,
				2B745D252EFABCE800F32822 /* Sources */,
				2B745D262EFABCE800F32822 /* Frameworks */,
				2B745D272EFABCE800F32822 /* Resources */,
			);
			buildRules = (
			);
			dependencies = (
			);
			name = ServalMarkdownDemo;
			productName = ServalMarkdownDemo;
			productReference = 2B745D292EFABCE800F32822 /* ServalMarkdownDemo.app */;
			productType = "com.apple.product-type.application";
		};
/* End PBXNativeTarget section */

/* Begin PBXProject section */
		2B745D212EFABCE800F32822 /* Project object */ = {
			isa = PBXProject;
			attributes = {
				BuildIndependentTargetsInParallel = 1;
				LastUpgradeCheck = 1500;
				TargetAttributes = {
					2B745D282EFABCE800F32822 = {
						CreatedOnToolsVersion = 15.0;
					};
				};
			};
			buildConfigurationList = 2B745D242EFABCE800F32822 /* Build configuration list for PBXProject "ServalMarkdownDemo" */;
			developmentRegion = en;
			hasScannedForEncodings = 0;
			knownRegions = (
				en,
				Base,
			);
			mainGroup = 2B745D202EFABCE800F32822;
			minimizedProjectReferenceProxies = 1;
			preferredProjectObjectVersion = 50;
			productRefGroup = 2B745D2A2EFABCE800F32822 /* Products */;
			projectDirPath = "";
			projectRoot = "";
			targets = (
				2B745D282EFABCE800F32822 /* ServalMarkdownDemo */,
			);
		};
/* End PBXProject section */

/* Begin PBXResourcesBuildPhase section */
		2B745D272EFABCE800F32822 /* Resources */ = {
			isa = PBXResourcesBuildPhase;
			buildActionMask = 2147483647;
			files = (
				A1B2C3D4E5F60718293A4B60 /* Assets.xcassets in Resources */,
				A1B2C3D4E5F60718293A4B61 /* Main.storyboard in Resources */,
				A1B2C3D4E5F60718293A4B62 /* LaunchScreen.storyboard in Resources */,
			);
			runOnlyForDeploymentPostprocessing = 0;
		};
/* End PBXResourcesBuildPhase section */

/* Begin PBXShellScriptBuildPhase section */
		85907A21EB26C91137D86047 /* [CP] Check Pods Manifest.lock */ = {
			isa = PBXShellScriptBuildPhase;
			buildActionMask = 2147483647;
			files = (
			);
			inputFileListPaths = (
			);
			inputPaths = (
				"${PODS_PODFILE_DIR_PATH}/Podfile.lock",
				"${PODS_ROOT}/Manifest.lock",
			);
			name = "[CP] Check Pods Manifest.lock";
			outputFileListPaths = (
			);
			outputPaths = (
				"$(DERIVED_FILE_DIR)/Pods-ServalMarkdownDemo-checkManifestLockResult.txt",
			);
			runOnlyForDeploymentPostprocessing = 0;
			shellPath = /bin/sh;
			shellScript = "diff \"${PODS_PODFILE_DIR_PATH}/Podfile.lock\" \"${PODS_ROOT}/Manifest.lock\" > /dev/null\nif [ $? != 0 ] ; then\n    # print error to STDERR\n    echo \"error: The sandbox is not in sync with the Podfile.lock. Run 'pod install' or update your CocoaPods installation.\" >&2\n    exit 1\nfi\n# This output is used by Xcode 'outputs' to avoid re-running this script phase.\necho \"SUCCESS\" > \"${SCRIPT_OUTPUT_FILE_0}\"\n";
			showEnvVarsInLog = 0;
		};
/* End PBXShellScriptBuildPhase section */

/* Begin PBXSourcesBuildPhase section */
		2B745D252EFABCE800F32822 /* Sources */ = {
			isa = PBXSourcesBuildPhase;
			buildActionMask = 2147483647;
			files = (
				A1B2C3D4E5F60718293A4B5C /* AppDelegate.m in Sources */,
				A1B2C3D4E5F60718293A4B5D /* SceneDelegate.m in Sources */,
				A1B2C3D4E5F60718293A4B5E /* ViewController.m in Sources */,
				A1B2C3D4E5F60718293A4B5F /* main.m in Sources */,
			);
			runOnlyForDeploymentPostprocessing = 0;
		};
/* End PBXSourcesBuildPhase section */

/* Begin XCBuildConfiguration section */
		2B745D422EFABCEA00F32822 /* Debug */ = {
			isa = XCBuildConfiguration;
			baseConfigurationReference = 27A62FB2B67D4016766C881D /* Pods-ServalMarkdownDemo.debug.xcconfig */;
			buildSettings = {
				ASSETCATALOG_COMPILER_APPICON_NAME = AppIcon;
				ASSETCATALOG_COMPILER_GLOBAL_ACCENT_COLOR_NAME = AccentColor;
				CODE_SIGN_STYLE = Automatic;
				CURRENT_PROJECT_VERSION = 1;
				DEVELOPMENT_TEAM = KZ36FBDJY5;
				GENERATE_INFOPLIST_FILE = YES;
				INFOPLIST_FILE = ServalMarkdownDemo/Info.plist;
				INFOPLIST_KEY_UIApplicationSupportsIndirectInputEvents = YES;
				INFOPLIST_KEY_UILaunchStoryboardName = LaunchScreen;
				INFOPLIST_KEY_UIMainStoryboardFile = Main;
				INFOPLIST_KEY_UISupportedInterfaceOrientations_iPad = "UIInterfaceOrientationPortrait UIInterfaceOrientationPortraitUpsideDown UIInterfaceOrientationLandscapeLeft UIInterfaceOrientationLandscapeRight";
				INFOPLIST_KEY_UISupportedInterfaceOrientations_iPhone = "UIInterfaceOrientationPortrait UIInterfaceOrientationLandscapeLeft UIInterfaceOrientationLandscapeRight";
				LD_RUNPATH_SEARCH_PATHS = (
					"$(inherited)",
					"@executable_path/Frameworks",
				);
				MARKETING_VERSION = 1.0;
				PRODUCT_BUNDLE_IDENTIFIER = com.lynx.ServalMarkdownDemo;
				PRODUCT_NAME = "$(TARGET_NAME)";
				SWIFT_EMIT_LOC_STRINGS = YES;
				TARGETED_DEVICE_FAMILY = "1,2";
			};
			name = Debug;
		};
		2B745D432EFABCEA00F32822 /* Release */ = {
			isa = XCBuildConfiguration;
			baseConfigurationReference = 00244759583EA5EBBA34A866 /* Pods-ServalMarkdownDemo.release.xcconfig */;
			buildSettings = {
				ASSETCATALOG_COMPILER_APPICON_NAME = AppIcon;
				ASSETCATALOG_COMPILER_GLOBAL_ACCENT_COLOR_NAME = AccentColor;
				CODE_SIGN_STYLE = Automatic;
				CURRENT_PROJECT_VERSION = 1;
				DEVELOPMENT_TEAM = KZ36FBDJY5;
				GENERATE_INFOPLIST_FILE = YES;
				INFOPLIST_FILE = ServalMarkdownDemo/Info.plist;
				INFOPLIST_KEY_UIApplicationSupportsIndirectInputEvents = YES;
				INFOPLIST_KEY_UILaunchStoryboardName = LaunchScreen;
				INFOPLIST_KEY_UIMainStoryboardFile = Main;
				INFOPLIST_KEY_UISupportedInterfaceOrientations_iPad = "UIInterfaceOrientationPortrait UIInterfaceOrientationPortraitUpsideDown UIInterfaceOrientationLandscapeLeft UIInterfaceOrientationLandscapeRight";
				INFOPLIST_KEY_UISupportedInterfaceOrientations_iPhone = "UIInterfaceOrientationPortrait UIInterfaceOrientationLandscapeLeft UIInterfaceOrientationLandscapeRight";
				LD_RUNPATH_SEARCH_PATHS = (
					"$(inherited)",
					"@executable_path/Frameworks",
				);
				MARKETING_VERSION = 1.0;
				PRODUCT_BUNDLE_IDENTIFIER = com.lynx.ServalMarkdownDemo;
				PRODUCT_NAME = "$(TARGET_NAME)";
				SWIFT_EMIT_LOC_STRINGS = YES;
				TARGETED_DEVICE_FAMILY = "1,2";
			};
			name = Release;
		};
		2B745D442EFABCEA00F32822 /* Debug */ = {
			isa = XCBuildConfiguration;
			buildSettings = {
				ALWAYS_SEARCH_USER_PATHS = NO;
				ASSETCATALOG_COMPILER_GENERATE_SWIFT_ASSET_SYMBOL_EXTENSIONS = YES;
				CLANG_ANALYZER_NONNULL = YES;
				CLANG_ANALYZER_NUMBER_OBJECT_CONVERSION = YES_AGGRESSIVE;
				CLANG_CXX_LANGUAGE_STANDARD = "gnu++20";
				CLANG_ENABLE_MODULES = YES;
				CLANG_ENABLE_OBJC_ARC = YES;
				CLANG_ENABLE_OBJC_WEAK = YES;
				CLANG_WARN_BLOCK_CAPTURE_AUTORELEASING = YES;
				CLANG_WARN_BOOL_CONVERSION = YES;
				CLANG_WARN_COMMA = YES;
				CLANG_WARN_CONSTANT_CONVERSION = YES;
				CLANG_WARN_DEPRECATED_OBJC_IMPLEMENTATIONS = YES;
				CLANG_WARN_DIRECT_OBJC_ISA_USAGE = YES_ERROR;
				CLANG_WARN_DOCUMENTATION_COMMENTS = YES;
				CLANG_WARN_EMPTY_BODY = YES;
				CLANG_WARN_ENUM_CONVERSION = YES;
				CLANG_WARN_INFINITE_RECURSION = YES;
				CLANG_WARN_INT_CONVERSION = YES;
				CLANG_WARN_NON_LITERAL_NULL_CONVERSION = YES;
				CLANG_WARN_OBJC_IMPLICIT_RETAIN_SELF = YES;
				CLANG_WARN_OBJC_LITERAL_CONVERSION = YES;
				CLANG_WARN_OBJC_ROOT_CLASS = YES_ERROR;
				CLANG_WARN_QUOTED_INCLUDE_IN_FRAMEWORK_HEADER = YES;
				CLANG_WARN_RANGE_LOOP_ANALYSIS = YES;
				CLANG_WARN_STRICT_PROTOTYPES = YES;
				CLANG_WARN_SUSPICIOUS_MOVE = YES;
				CLANG_WARN_UNGUARDED_AVAILABILITY = YES_AGGRESSIVE;
				CLANG_WARN_UNREACHABLE_CODE = YES;
				CLANG_WARN__DUPLICATE_METHOD_MATCH = YES;
				COPY_PHASE_STRIP = NO;
				DEBUG_INFORMATION_FORMAT = dwarf;
				ENABLE_STRICT_OBJC_MSGSEND = YES;
				ENABLE_TESTABILITY = YES;
				ENABLE_USER_SCRIPT_SANDBOXING = YES;
				GCC_C_LANGUAGE_STANDARD = gnu17;
				GCC_DYNAMIC_NO_PIC = NO;
				GCC_NO_COMMON_BLOCKS = YES;
				GCC_OPTIMIZATION_LEVEL = 0;
				GCC_PREPROCESSOR_DEFINITIONS = (
					"DEBUG=1",
					"$(inherited)",
				);
				GCC_WARN_64_TO_32_BIT_CONVERSION = YES;
				GCC_WARN_ABOUT_RETURN_TYPE = YES_ERROR;
				GCC_WARN_UNDECLARED_SELECTOR = YES;
				GCC_WARN_UNINITIALIZED_AUTOS = YES_AGGRESSIVE;
				GCC_WARN_UNUSED_FUNCTION = YES;
				GCC_WARN_UNUSED_VARIABLE = YES;
				IPHONEOS_DEPLOYMENT_TARGET = 18.0;
				LOCALIZATION_PREFERS_STRING_CATALOGS = YES;
				MTL_ENABLE_DEBUG_INFO = INCLUDE_SOURCE;
				MTL_FAST_MATH = YES;
				ONLY_ACTIVE_ARCH = YES;
				SDKROOT = iphoneos;
			};
			name = Debug;
		};
		2B745D452EFABCEA00F32822 /* Release */ = {
			isa = XCBuildConfiguration;
			buildSettings = {
				ALWAYS_SEARCH_USER_PATHS = NO;
				ASSETCATALOG_COMPILER_GENERATE_SWIFT_ASSET_SYMBOL_EXTENSIONS = YES;
				CLANG_ANALYZER_NONNULL = YES;
				CLANG_ANALYZER_NUMBER_OBJECT_CONVERSION = YES_AGGRESSIVE;
				CLANG_CXX_LANGUAGE_STANDARD = "gnu++20";
				CLANG_ENABLE_MODULES = YES;
				CLANG_ENABLE_OBJC_ARC = YES;
				CLANG_ENABLE_OBJC_WEAK = YES;
				CLANG_WARN_BLOCK_CAPTURE_AUTORELEASING = YES;
				CLANG_WARN_BOOL_CONVERSION = YES;
				CLANG_WARN_COMMA = YES;
				CLANG_WARN_CONSTANT_CONVERSION = YES;
				CLANG_WARN_DEPRECATED_OBJC_IMPLEMENTATIONS = YES;
				CLANG_WARN_DIRECT_OBJC_ISA_USAGE = YES_ERROR;
				CLANG_WARN_DOCUMENTATION_COMMENTS = YES;
				CLANG_WARN_EMPTY_BODY = YES;
				CLANG_WARN_ENUM_CONVERSION = YES;
				CLANG_WARN_INFINITE_RECURSION = YES;
				CLANG_WARN_INT_CONVERSION = YES;
				CLANG_WARN_NON_LITERAL_NULL_CONVERSION = YES;
				CLANG_WARN_OBJC_IMPLICIT_RETAIN_SELF = YES;
				CLANG_WARN_OBJC_LITERAL_CONVERSION = YES;
				CLANG_WARN_OBJC_ROOT_CLASS = YES_ERROR;
				CLANG_WARN_QUOTED_INCLUDE_IN_FRAMEWORK_HEADER = YES;
				CLANG_WARN_RANGE_LOOP_ANALYSIS = YES;
				CLANG_WARN_STRICT_PROTOTYPES = YES;
				CLANG_WARN_SUSPICIOUS_MOVE = YES;
				CLANG_WARN_UNGUARDED_AVAILABILITY = YES_AGGRESSIVE;
				CLANG_WARN_UNREACHABLE_CODE = YES;
				CLANG_WARN__DUPLICATE_METHOD_MATCH = YES;
				COPY_PHASE_STRIP = NO;
				DEBUG_INFORMATION_FORMAT = "dwarf-with-dsym";
				ENABLE_NS_ASSERTIONS = NO;
				ENABLE_STRICT_OBJC_MSGSEND = YES;
				ENABLE_USER_SCRIPT_SANDBOXING = YES;
				GCC_C_LANGUAGE_STANDARD = gnu17;
				GCC_NO_COMMON_BLOCKS = YES;
				GCC_WARN_64_TO_32_BIT_CONVERSION = YES;
				GCC_WARN_ABOUT_RETURN_TYPE = YES_ERROR;
				GCC_WARN_UNDECLARED_SELECTOR = YES;
				GCC_WARN_UNINITIALIZED_AUTOS = YES_AGGRESSIVE;
				GCC_WARN_UNUSED_FUNCTION = YES;
				GCC_WARN_UNUSED_VARIABLE = YES;
				IPHONEOS_DEPLOYMENT_TARGET = 18.0;
				LOCALIZATION_PREFERS_STRING_CATALOGS = YES;
				MTL_ENABLE_DEBUG_INFO = NO;
				MTL_FAST_MATH = YES;
				SDKROOT = iphoneos;
				VALIDATE_PRODUCT = YES;
			};
			name = Release;
		};
/* End XCBuildConfiguration section */

/* Begin XCConfigurationList section */
		2B745D242EFABCE800F32822 /* Build configuration list for PBXProject "ServalMarkdownDemo" */ = {
			isa = XCConfigurationList;
			buildConfigurations = (
				2B745D442EFABCEA00F32822 /* Debug */,
				2B745D452EFABCEA00F32822 /* Release */,
			);
			defaultConfigurationIsVisible = 0;
			defaultConfigurationName = Release;
		};
		2B745D412EFABCEA00F32822 /* Build configuration list for PBXNativeTarget "ServalMarkdownDemo" */ = {
			isa = XCConfigurationList;
			buildConfigurations = (
				2B745D422EFABCEA00F32822 /* Debug */,
				2B745D432EFABCEA00F32822 /* Release */,
			);
			defaultConfigurationIsVisible = 0;
			defaultConfigurationName = Release;
		};
/* End XCConfigurationList section */
	};
	rootObject = 2B745D212EFABCE800F32822 /* Project object */;
}
