// !$*UTF8*$!
{
	archiveVersion = 1;
	classes = {
	};
	objectVersion = 56;
	objects = {

/* Begin PBXBuildFile section */
		2B50A9262A3AE770006CAE6B /* AppDelegate.m in Sources */ = {isa = PBXBuildFile; fileRef = 2B50A9252A3AE770006CAE6B /* AppDelegate.m */; };
		2B50A9292A3AE770006CAE6B /* SceneDelegate.m in Sources */ = {isa = PBXBuildFile; fileRef = 2B50A9282A3AE770006CAE6B /* SceneDelegate.m */; };
		2B50A92C2A3AE770006CAE6B /* ViewController.m in Sources */ = {isa = PBXBuildFile; fileRef = 2B50A92B2A3AE770006CAE6B /* ViewController.m */; };
		2B50A92F2A3AE770006CAE6B /* Main.storyboard in Resources */ = {isa = PBXBuildFile; fileRef = 2B50A92D2A3AE770006CAE6B /* Main.storyboard */; };
		2B50A9312A3AE771006CAE6B /* Assets.xcassets in Resources */ = {isa = PBXBuildFile; fileRef = 2B50A9302A3AE771006CAE6B /* Assets.xcassets */; };
		2B50A9342A3AE771006CAE6B /* LaunchScreen.storyboard in Resources */ = {isa = PBXBuildFile; fileRef = 2B50A9322A3AE771006CAE6B /* LaunchScreen.storyboard */; };
		2B50A9372A3AE771006CAE6B /* main.m in Sources */ = {isa = PBXBuildFile; fileRef = 2B50A9362A3AE771006CAE6B /* main.m */; };
		7C68E9B416EF6619B278534E /* libPods-ServalPark.a in Frameworks */ = {isa = PBXBuildFile; fileRef = C8BAC7AE53F5174D90F13E16 /* libPods-ServalPark.a */; };
/* End PBXBuildFile section */

/* Begin PBXFileReference section */
		2B50A9212A3AE770006CAE6B /* ServalPark.app */ = {isa = PBXFileReference; explicitFileType = wrapper.application; includeInIndex = 0; path = ServalPark.app; sourceTree = BUILT_PRODUCTS_DIR; };
		2B50A9242A3AE770006CAE6B /* AppDelegate.h */ = {isa = PBXFileReference; lastKnownFileType = sourcecode.c.h; path = AppDelegate.h; sourceTree = "<group>"; };
		2B50A9252A3AE770006CAE6B /* AppDelegate.m */ = {isa = PBXFileReference; lastKnownFileType = sourcecode.c.objc; path = AppDelegate.m; sourceTree = "<group>"; };
		2B50A9272A3AE770006CAE6B /* SceneDelegate.h */ = {isa = PBXFileReference; lastKnownFileType = sourcecode.c.h; path = SceneDelegate.h; sourceTree = "<group>"; };
		2B50A9282A3AE770006CAE6B /* SceneDelegate.m */ = {isa = PBXFileReference; lastKnownFileType = sourcecode.c.objc; path = SceneDelegate.m; sourceTree = "<group>"; };
		2B50A92A2A3AE770006CAE6B /* ViewController.h */ = {isa = PBXFileReference; lastKnownFileType = sourcecode.c.h; path = ViewController.h; sourceTree = "<group>"; };
		2B50A92B2A3AE770006CAE6B /* ViewController.m */ = {isa = PBXFileReference; lastKnownFileType = sourcecode.c.objc; path = ViewController.m; sourceTree = "<group>"; };
		2B50A92E2A3AE770006CAE6B /* Base */ = {isa = PBXFileReference; lastKnownFileType = file.storyboard; name = Base; path = Base.lproj/Main.storyboard; sourceTree = "<group>"; };
		2B50A9302A3AE771006CAE6B /* Assets.xcassets */ = {isa = PBXFileReference; lastKnownFileType = folder.assetcatalog; path = Assets.xcassets; sourceTree = "<group>"; };
		2B50A9332A3AE771006CAE6B /* Base */ = {isa = PBXFileReference; lastKnownFileType = file.storyboard; name = Base; path = Base.lproj/LaunchScreen.storyboard; sourceTree = "<group>"; };
		2B50A9352A3AE771006CAE6B /* Info.plist */ = {isa = PBXFileReference; lastKnownFileType = text.plist.xml; path = Info.plist; sourceTree = "<group>"; };
		2B50A9362A3AE771006CAE6B /* main.m */ = {isa = PBXFileReference; lastKnownFileType = sourcecode.c.objc; path = main.m; sourceTree = "<group>"; };
		A9292406E0026CF9B8363858 /* Pods-ServalPark.debug.xcconfig */ = {isa = PBXFileReference; includeInIndex = 1; lastKnownFileType = text.xcconfig; name = "Pods-ServalPark.debug.xcconfig"; path = "Target Support Files/Pods-ServalPark/Pods-ServalPark.debug.xcconfig"; sourceTree = "<group>"; };
		C8BAC7AE53F5174D90F13E16 /* libPods-ServalPark.a */ = {isa = PBXFileReference; explicitFileType = archive.ar; includeInIndex = 0; path = "libPods-ServalPark.a"; sourceTree = BUILT_PRODUCTS_DIR; };
		D486801AC58F2DE31E995495 /* Pods-ServalPark.release.xcconfig */ = {isa = PBXFileReference; includeInIndex = 1; lastKnownFileType = Text.xcconfig; name = "Pods-ServalPark.release.xcconfig"; path = "Target Support Files/Pods-ServalPark/Pods-ServalPark.release.xcconfig"; sourceTree = "<group>"; };
/* End PBXFileReference section */

/* Begin PBXFrameworksBuildPhase section */
		2B50A91E2A3AE770006CAE6B /* Frameworks */ = {
			isa = PBXFrameworksBuildPhase;
			buildActionMask = 2147483647;
			files = (
				7C68E9B416EF6619B278534E /* libPods-ServalPark.a in Frameworks */,
			);
			runOnlyForDeploymentPostprocessing = 0;
		};
/* End PBXFrameworksBuildPhase section */

/* Begin PBXGroup section */
		206BF0CC11279FBD58A88F59 /* Pods */ = {
			isa = PBXGroup;
			children = (
				A9292406E0026CF9B8363858 /* Pods-ServalPark.debug.xcconfig */,
				D486801AC58F2DE31E995495 /* Pods-ServalPark.release.xcconfig */,
			);
			path = Pods;
			sourceTree = "<group>";
		};
		2B50A9182A3AE770006CAE6B = {
			isa = PBXGroup;
			children = (
				2B50A9232A3AE770006CAE6B /* ServalPark */,
				2B50A9222A3AE770006CAE6B /* Products */,
				206BF0CC11279FBD58A88F59 /* Pods */,
				8E06C3BCCC0B20871D1B1ABA /* Frameworks */,
			);
			sourceTree = "<group>";
		};
		2B50A9222A3AE770006CAE6B /* Products */ = {
			isa = PBXGroup;
			children = (
				2B50A9212A3AE770006CAE6B /* ServalPark.app */,
			);
			name = Products;
			sourceTree = "<group>";
		};
		2B50A9232A3AE770006CAE6B /* ServalPark */ = {
			isa = PBXGroup;
			children = (
				2B50A9242A3AE770006CAE6B /* AppDelegate.h */,
				2B50A9252A3AE770006CAE6B /* AppDelegate.m */,
				2B50A9272A3AE770006CAE6B /* SceneDelegate.h */,
				2B50A9282A3AE770006CAE6B /* SceneDelegate.m */,
				2B50A92A2A3AE770006CAE6B /* ViewController.h */,
				2B50A92B2A3AE770006CAE6B /* ViewController.m */,
				2B50A92D2A3AE770006CAE6B /* Main.storyboard */,
				2B50A9302A3AE771006CAE6B /* Assets.xcassets */,
				2B50A9322A3AE771006CAE6B /* LaunchScreen.storyboard */,
				2B50A9352A3AE771006CAE6B /* Info.plist */,
				2B50A9362A3AE771006CAE6B /* main.m */,
			);
			path = ServalPark;
			sourceTree = "<group>";
		};
		8E06C3BCCC0B20871D1B1ABA /* Frameworks */ = {
			isa = PBXGroup;
			children = (
				C8BAC7AE53F5174D90F13E16 /* libPods-ServalPark.a */,
			);
			name = Frameworks;
			sourceTree = "<group>";
		};
/* End PBXGroup section */

/* Begin PBXNativeTarget section */
		2B50A9202A3AE770006CAE6B /* ServalPark */ = {
			isa = PBXNativeTarget;
			buildConfigurationList = 2B50A93A2A3AE771006CAE6B /* Build configuration list for PBXNativeTarget "ServalPark" */;
			buildPhases = (
				59EE620949040DC4C1C08F3A /* [CP] Check Pods Manifest.lock */,
				2B50A91D2A3AE770006CAE6B /* Sources */,
				2B50A91E2A3AE770006CAE6B /* Frameworks */,
				2B50A91F2A3AE770006CAE6B /* Resources */,
			);
			buildRules = (
			);
			dependencies = (
			);
			name = ServalPark;
			productName = ServalPark;
			productReference = 2B50A9212A3AE770006CAE6B /* ServalPark.app */;
			productType = "com.apple.product-type.application";
		};
/* End PBXNativeTarget section */

/* Begin PBXProject section */
		2B50A9192A3AE770006CAE6B /* Project object */ = {
			isa = PBXProject;
			attributes = {
				BuildIndependentTargetsInParallel = 1;
				LastUpgradeCheck = 1430;
				TargetAttributes = {
					2B50A9202A3AE770006CAE6B = {
						CreatedOnToolsVersion = 14.3.1;
					};
				};
			};
			buildConfigurationList = 2B50A91C2A3AE770006CAE6B /* Build configuration list for PBXProject "ServalPark" */;
			compatibilityVersion = "Xcode 14.0";
			developmentRegion = en;
			hasScannedForEncodings = 0;
			knownRegions = (
				en,
				Base,
			);
			mainGroup = 2B50A9182A3AE770006CAE6B;
			productRefGroup = 2B50A9222A3AE770006CAE6B /* Products */;
			projectDirPath = "";
			projectRoot = "";
			targets = (
				2B50A9202A3AE770006CAE6B /* ServalPark */,
			);
		};
/* End PBXProject section */

/* Begin PBXResourcesBuildPhase section */
		2B50A91F2A3AE770006CAE6B /* Resources */ = {
			isa = PBXResourcesBuildPhase;
			buildActionMask = 2147483647;
			files = (
				2B50A9342A3AE771006CAE6B /* LaunchScreen.storyboard in Resources */,
				2B50A9312A3AE771006CAE6B /* Assets.xcassets in Resources */,
				2B50A92F2A3AE770006CAE6B /* Main.storyboard in Resources */,
			);
			runOnlyForDeploymentPostprocessing = 0;
		};
/* End PBXResourcesBuildPhase section */

/* Begin PBXShellScriptBuildPhase section */
		59EE620949040DC4C1C08F3A /* [CP] Check Pods Manifest.lock */ = {
			isa = PBXShellScriptBuildPhase;
			buildActionMask = 2147483647;
			files = (
			);
			inputFileListPaths = (
			);
			inputPaths = (
				"${PODS_PODFILE_DIR_PATH}/Podfile.lock",
				"${PODS_ROOT}/Manifest.lock",
			);
			name = "[CP] Check Pods Manifest.lock";
			outputFileListPaths = (
			);
			outputPaths = (
				"$(DERIVED_FILE_DIR)/Pods-ServalPark-checkManifestLockResult.txt",
			);
			runOnlyForDeploymentPostprocessing = 0;
			shellPath = /bin/sh;
			shellScript = "diff \"${PODS_PODFILE_DIR_PATH}/Podfile.lock\" \"${PODS_ROOT}/Manifest.lock\" > /dev/null\nif [ $? != 0 ] ; then\n    # print error to STDERR\n    echo \"error: The sandbox is not in sync with the Podfile.lock. Run 'pod install' or update your CocoaPods installation.\" >&2\n    exit 1\nfi\n# This output is used by Xcode 'outputs' to avoid re-running this script phase.\necho \"SUCCESS\" > \"${SCRIPT_OUTPUT_FILE_0}\"\n";
			showEnvVarsInLog = 0;
		};
/* End PBXShellScriptBuildPhase section */

/* Begin PBXSourcesBuildPhase section */
		2B50A91D2A3AE770006CAE6B /* Sources */ = {
			isa = PBXSourcesBuildPhase;
			buildActionMask = 2147483647;
			files = (
				2B50A92C2A3AE770006CAE6B /* ViewController.m in Sources */,
				2B50A9262A3AE770006CAE6B /* AppDelegate.m in Sources */,
				2B50A9372A3AE771006CAE6B /* main.m in Sources */,
				2B50A9292A3AE770006CAE6B /* SceneDelegate.m in Sources */,
			);
			runOnlyForDeploymentPostprocessing = 0;
		};
/* End PBXSourcesBuildPhase section */

/* Begin PBXVariantGroup section */
		2B50A92D2A3AE770006CAE6B /* Main.storyboard */ = {
			isa = PBXVariantGroup;
			children = (
				2B50A92E2A3AE770006CAE6B /* Base */,
			);
			name = Main.storyboard;
			sourceTree = "<group>";
		};
		2B50A9322A3AE771006CAE6B /* LaunchScreen.storyboard */ = {
			isa = PBXVariantGroup;
			children = (
				2B50A9332A3AE771006CAE6B /* Base */,
			);
			name = LaunchScreen.storyboard;
			sourceTree = "<group>";
		};
/* End PBXVariantGroup section */

/* Begin XCBuildConfiguration section */
		2B50A9382A3AE771006CAE6B /* Debug */ = {
			isa = XCBuildConfiguration;
			buildSettings = {
				ALWAYS_SEARCH_USER_PATHS = NO;
				CLANG_ANALYZER_NONNULL = YES;
				CLANG_ANALYZER_NUMBER_OBJECT_CONVERSION = YES_AGGRESSIVE;
				CLANG_CXX_LANGUAGE_STANDARD = "gnu++20";
				CLANG_ENABLE_MODULES = YES;
				CLANG_ENABLE_OBJC_ARC = YES;
				CLANG_ENABLE_OBJC_WEAK = YES;
				CLANG_WARN_BLOCK_CAPTURE_AUTORELEASING = YES;
				CLANG_WARN_BOOL_CONVERSION = YES;
				CLANG_WARN_COMMA = YES;
				CLANG_WARN_CONSTANT_CONVERSION = YES;
				CLANG_WARN_DEPRECATED_OBJC_IMPLEMENTATIONS = YES;
				CLANG_WARN_DIRECT_OBJC_ISA_USAGE = YES_ERROR;
				CLANG_WARN_DOCUMENTATION_COMMENTS = YES;
				CLANG_WARN_EMPTY_BODY = YES;
				CLANG_WARN_ENUM_CONVERSION = YES;
				CLANG_WARN_INFINITE_RECURSION = YES;
				CLANG_WARN_INT_CONVERSION = YES;
				CLANG_WARN_NON_LITERAL_NULL_CONVERSION = YES;
				CLANG_WARN_OBJC_IMPLICIT_RETAIN_SELF = YES;
				CLANG_WARN_OBJC_LITERAL_CONVERSION = YES;
				CLANG_WARN_OBJC_ROOT_CLASS = YES_ERROR;
				CLANG_WARN_QUOTED_INCLUDE_IN_FRAMEWORK_HEADER = YES;
				CLANG_WARN_RANGE_LOOP_ANALYSIS = YES;
				CLANG_WARN_STRICT_PROTOTYPES = YES;
				CLANG_WARN_SUSPICIOUS_MOVE = YES;
				CLANG_WARN_UNGUARDED_AVAILABILITY = YES_AGGRESSIVE;
				CLANG_WARN_UNREACHABLE_CODE = YES;
				CLANG_WARN__DUPLICATE_METHOD_MATCH = YES;
				COPY_PHASE_STRIP = NO;
				DEBUG_INFORMATION_FORMAT = dwarf;
				ENABLE_STRICT_OBJC_MSGSEND = YES;
				ENABLE_TESTABILITY = YES;
				GCC_C_LANGUAGE_STANDARD = gnu11;
				GCC_DYNAMIC_NO_PIC = NO;
				GCC_NO_COMMON_BLOCKS = YES;
				GCC_OPTIMIZATION_LEVEL = 0;
				GCC_PREPROCESSOR_DEFINITIONS = (
					"DEBUG=1",
					"$(inherited)",
				);
				GCC_WARN_64_TO_32_BIT_CONVERSION = YES;
				GCC_WARN_ABOUT_RETURN_TYPE = YES_ERROR;
				GCC_WARN_UNDECLARED_SELECTOR = YES;
				GCC_WARN_UNINITIALIZED_AUTOS = YES_AGGRESSIVE;
				GCC_WARN_UNUSED_FUNCTION = YES;
				GCC_WARN_UNUSED_VARIABLE = YES;
				IPHONEOS_DEPLOYMENT_TARGET = 16.4;
				MTL_ENABLE_DEBUG_INFO = INCLUDE_SOURCE;
				MTL_FAST_MATH = YES;
				ONLY_ACTIVE_ARCH = YES;
				SDKROOT = iphoneos;
			};
			name = Debug;
		};
		2B50A9392A3AE771006CAE6B /* Release */ = {
			isa = XCBuildConfiguration;
			buildSettings = {
				ALWAYS_SEARCH_USER_PATHS = NO;
				CLANG_ANALYZER_NONNULL = YES;
				CLANG_ANALYZER_NUMBER_OBJECT_CONVERSION = YES_AGGRESSIVE;
				CLANG_CXX_LANGUAGE_STANDARD = "gnu++20";
				CLANG_ENABLE_MODULES = YES;
				CLANG_ENABLE_OBJC_ARC = YES;
				CLANG_ENABLE_OBJC_WEAK = YES;
				CLANG_WARN_BLOCK_CAPTURE_AUTORELEASING = YES;
				CLANG_WARN_BOOL_CONVERSION = YES;
				CLANG_WARN_COMMA = YES;
				CLANG_WARN_CONSTANT_CONVERSION = YES;
				CLANG_WARN_DEPRECATED_OBJC_IMPLEMENTATIONS = YES;
				CLANG_WARN_DIRECT_OBJC_ISA_USAGE = YES_ERROR;
				CLANG_WARN_DOCUMENTATION_COMMENTS = YES;
				CLANG_WARN_EMPTY_BODY = YES;
				CLANG_WARN_ENUM_CONVERSION = YES;
				CLANG_WARN_INFINITE_RECURSION = YES;
				CLANG_WARN_INT_CONVERSION = YES;
				CLANG_WARN_NON_LITERAL_NULL_CONVERSION = YES;
				CLANG_WARN_OBJC_IMPLICIT_RETAIN_SELF = YES;
				CLANG_WARN_OBJC_LITERAL_CONVERSION = YES;
				CLANG_WARN_OBJC_ROOT_CLASS = YES_ERROR;
				CLANG_WARN_QUOTED_INCLUDE_IN_FRAMEWORK_HEADER = YES;
				CLANG_WARN_RANGE_LOOP_ANALYSIS = YES;
				CLANG_WARN_STRICT_PROTOTYPES = YES;
				CLANG_WARN_SUSPICIOUS_MOVE = YES;
				CLANG_WARN_UNGUARDED_AVAILABILITY = YES_AGGRESSIVE;
				CLANG_WARN_UNREACHABLE_CODE = YES;
				CLANG_WARN__DUPLICATE_METHOD_MATCH = YES;
				COPY_PHASE_STRIP = NO;
				DEBUG_INFORMATION_FORMAT = "dwarf-with-dsym";
				ENABLE_NS_ASSERTIONS = NO;
				ENABLE_STRICT_OBJC_MSGSEND = YES;
				GCC_C_LANGUAGE_STANDARD = gnu11;
				GCC_NO_COMMON_BLOCKS = YES;
				GCC_WARN_64_TO_32_BIT_CONVERSION = YES;
				GCC_WARN_ABOUT_RETURN_TYPE = YES_ERROR;
				GCC_WARN_UNDECLARED_SELECTOR = YES;
				GCC_WARN_UNINITIALIZED_AUTOS = YES_AGGRESSIVE;
				GCC_WARN_UNUSED_FUNCTION = YES;
				GCC_WARN_UNUSED_VARIABLE = YES;
				IPHONEOS_DEPLOYMENT_TARGET = 16.4;
				MTL_ENABLE_DEBUG_INFO = NO;
				MTL_FAST_MATH = YES;
				SDKROOT = iphoneos;
				VALIDATE_PRODUCT = YES;
			};
			name = Release;
		};
		2B50A93B2A3AE771006CAE6B /* Debug */ = {
			isa = XCBuildConfiguration;
			baseConfigurationReference = A9292406E0026CF9B8363858 /* Pods-ServalPark.debug.xcconfig */;
			buildSettings = {
				ASSETCATALOG_COMPILER_APPICON_NAME = AppIcon;
				ASSETCATALOG_COMPILER_GLOBAL_ACCENT_COLOR_NAME = AccentColor;
				CODE_SIGN_STYLE = Automatic;
				CURRENT_PROJECT_VERSION = 1;
				DEVELOPMENT_TEAM = "";
				GENERATE_INFOPLIST_FILE = YES;
				INFOPLIST_FILE = ServalPark/Info.plist;
				INFOPLIST_KEY_UIApplicationSupportsIndirectInputEvents = YES;
				INFOPLIST_KEY_UILaunchStoryboardName = LaunchScreen;
				INFOPLIST_KEY_UIMainStoryboardFile = Main;
				INFOPLIST_KEY_UISupportedInterfaceOrientations_iPad = "UIInterfaceOrientationPortrait UIInterfaceOrientationPortraitUpsideDown UIInterfaceOrientationLandscapeLeft UIInterfaceOrientationLandscapeRight";
				INFOPLIST_KEY_UISupportedInterfaceOrientations_iPhone = "UIInterfaceOrientationPortrait UIInterfaceOrientationLandscapeLeft UIInterfaceOrientationLandscapeRight";
				LD_RUNPATH_SEARCH_PATHS = (
					"$(inherited)",
					"@executable_path/Frameworks",
				);
				MARKETING_VERSION = 1.0;
				PRODUCT_BUNDLE_IDENTIFIER = zhongyr.ServalPark;
				PRODUCT_NAME = "$(TARGET_NAME)";
				SWIFT_EMIT_LOC_STRINGS = YES;
				TARGETED_DEVICE_FAMILY = "1,2";
			};
			name = Debug;
		};
		2B50A93C2A3AE771006CAE6B /* Release */ = {
			isa = XCBuildConfiguration;
			baseConfigurationReference = D486801AC58F2DE31E995495 /* Pods-ServalPark.release.xcconfig */;
			buildSettings = {
				ASSETCATALOG_COMPILER_APPICON_NAME = AppIcon;
				ASSETCATALOG_COMPILER_GLOBAL_ACCENT_COLOR_NAME = AccentColor;
				CODE_SIGN_STYLE = Automatic;
				CURRENT_PROJECT_VERSION = 1;
				DEVELOPMENT_TEAM = "";
				GENERATE_INFOPLIST_FILE = YES;
				INFOPLIST_FILE = ServalPark/Info.plist;
				INFOPLIST_KEY_UIApplicationSupportsIndirectInputEvents = YES;
				INFOPLIST_KEY_UILaunchStoryboardName = LaunchScreen;
				INFOPLIST_KEY_UIMainStoryboardFile = Main;
				INFOPLIST_KEY_UISupportedInterfaceOrientations_iPad = "UIInterfaceOrientationPortrait UIInterfaceOrientationPortraitUpsideDown UIInterfaceOrientationLandscapeLeft UIInterfaceOrientationLandscapeRight";
				INFOPLIST_KEY_UISupportedInterfaceOrientations_iPhone = "UIInterfaceOrientationPortrait UIInterfaceOrientationLandscapeLeft UIInterfaceOrientationLandscapeRight";
				LD_RUNPATH_SEARCH_PATHS = (
					"$(inherited)",
					"@executable_path/Frameworks",
				);
				MARKETING_VERSION = 1.0;
				PRODUCT_BUNDLE_IDENTIFIER = zhongyr.ServalPark;
				PRODUCT_NAME = "$(TARGET_NAME)";
				SWIFT_EMIT_LOC_STRINGS = YES;
				TARGETED_DEVICE_FAMILY = "1,2";
			};
			name = Release;
		};
/* End XCBuildConfiguration section */

/* Begin XCConfigurationList section */
		2B50A91C2A3AE770006CAE6B /* Build configuration list for PBXProject "ServalPark" */ = {
			isa = XCConfigurationList;
			buildConfigurations = (
				2B50A9382A3AE771006CAE6B /* Debug */,
				2B50A9392A3AE771006CAE6B /* Release */,
			);
			defaultConfigurationIsVisible = 0;
			defaultConfigurationName = Release;
		};
		2B50A93A2A3AE771006CAE6B /* Build configuration list for PBXNativeTarget "ServalPark" */ = {
			isa = XCConfigurationList;
			buildConfigurations = (
				2B50A93B2A3AE771006CAE6B /* Debug */,
				2B50A93C2A3AE771006CAE6B /* Release */,
			);
			defaultConfigurationIsVisible = 0;
			defaultConfigurationName = Release;
		};
/* End XCConfigurationList section */
	};
	rootObject = 2B50A9192A3AE770006CAE6B /* Project object */;
}
